
Microsoft Visual Studio Solution File, Format Version 12.00
# Visual Studio Version 16
VisualStudioVersion = 16.0.30204.135
MinimumVisualStudioVersion = 10.0.40219.1
Project("{FAE04EC0-301F-11D3-BF4B-00C04F79EFBC}") = "lab_db", "lab_db\lab_db.csproj", "{53DA1A38-4141-4DCA-AD07-376FF237D9CA}"
EndProject
Global
	GlobalSection(SolutionConfigurationPlatforms) = preSolution
		Debug|Any CPU = Debug|Any CPU
		Release|Any CPU = Release|Any CPU
	EndGlobalSection
	GlobalSection(ProjectConfigurationPlatforms) = postSolution
		{53DA1A38-4141-4DCA-AD07-376FF237D9CA}.Debug|Any CPU.ActiveCfg = Debug|Any CPU
		{53DA1A38-4141-4DCA-AD07-376FF237D9CA}.Debug|Any CPU.Build.0 = Debug|Any CPU
		{53DA1A38-4141-4DCA-AD07-376FF237D9CA}.Release|Any CPU.ActiveCfg = Release|Any CPU
		{53DA1A38-4141-4DCA-AD07-376FF237D9CA}.Release|Any CPU.Build.0 = Release|Any CPU
	EndGlobalSection
	GlobalSection(SolutionProperties) = preSolution
		HideSolutionNode = FALSE
	EndGlobalSection
	GlobalSection(ExtensibilityGlobals) = postSolution
		SolutionGuid = {EF3C7152-BABF-43BB-88CF-21741F8BC59E}
	EndGlobalSection
EndGlobal
